
Microsoft Visual Studio Solution File, Format Version 12.00
# Visual Studio Version 17
VisualStudioVersion = 17.14.36717.8 d17.14
MinimumVisualStudioVersion = 10.0.40219.1
Project("{FAE04EC0-301F-11D3-BF4B-00C04F79EFBC}") = "Unitystudy", "Unitystudy\Unitystudy.csproj", "{43C08E56-D6A5-45F2-A1D2-FD04136329B2}"
EndProject
Global
	GlobalSection(SolutionConfigurationPlatforms) = preSolution
		Debug|Any CPU = Debug|Any CPU
		Release|Any CPU = Release|Any CPU
	EndGlobalSection
	GlobalSection(ProjectConfigurationPlatforms) = postSolution
		{43C08E56-D6A5-45F2-A1D2-FD04136329B2}.Debug|Any CPU.ActiveCfg = Debug|Any CPU
		{43C08E56-D6A5-45F2-A1D2-FD04136329B2}.Debug|Any CPU.Build.0 = Debug|Any CPU
		{43C08E56-D6A5-45F2-A1D2-FD04136329B2}.Release|Any CPU.ActiveCfg = Release|Any CPU
		{43C08E56-D6A5-45F2-A1D2-FD04136329B2}.Release|Any CPU.Build.0 = Release|Any CPU
	EndGlobalSection
	GlobalSection(SolutionProperties) = preSolution
		HideSolutionNode = FALSE
	EndGlobalSection
	GlobalSection(ExtensibilityGlobals) = postSolution
		SolutionGuid = {B54C2D84-3C01-4571-B0A7-D8476FFD2BC0}
	EndGlobalSection
EndGlobal
